// !$*UTF8*$!
{
	archiveVersion = 1;
	classes = {
	};
	objectVersion = 55;
	objects = {

/* Begin PBXBuildFile section */
		3340C9EB5B81CACFD02BD2FB /* libPods-HangOutUITests.a in Frameworks */ = {isa = PBXBuildFile; fileRef = 3BDC14E044A4D7CAA1170057 /* libPods-HangOutUITests.a */; };
		953F070C2874ABD6009BD594 /* Main.storyboard in Resources */ = {isa = PBXBuildFile; fileRef = 953F070A2874ABD6009BD594 /* Main.storyboard */; };
		953F070F2874ABD6009BD594 /* HangOut.xcdatamodeld in Sources */ = {isa = PBXBuildFile; fileRef = 953F070D2874ABD6009BD594 /* HangOut.xcdatamodeld */; };
		953F07112874ABD7009BD594 /* Assets.xcassets in Resources */ = {isa = PBXBuildFile; fileRef = 953F07102874ABD7009BD594 /* Assets.xcassets */; };
		953F07142874ABD7009BD594 /* LaunchScreen.storyboard in Resources */ = {isa = PBXBuildFile; fileRef = 953F07122874ABD7009BD594 /* LaunchScreen.storyboard */; };
		953F07172874ABD7009BD594 /* main.m in Sources */ = {isa = PBXBuildFile; fileRef = 953F07162874ABD7009BD594 /* main.m */; };
		953F07212874ABD7009BD594 /* HangOutTests.m in Sources */ = {isa = PBXBuildFile; fileRef = 953F07202874ABD7009BD594 /* HangOutTests.m */; };
		953F072B2874ABD7009BD594 /* HangOutUITests.m in Sources */ = {isa = PBXBuildFile; fileRef = 953F072A2874ABD7009BD594 /* HangOutUITests.m */; };
		953F072D2874ABD7009BD594 /* HangOutUITestsLaunchTests.m in Sources */ = {isa = PBXBuildFile; fileRef = 953F072C2874ABD7009BD594 /* HangOutUITestsLaunchTests.m */; };
		954873212874F368002CD6BC /* Keys.plist in Resources */ = {isa = PBXBuildFile; fileRef = 954873202874F368002CD6BC /* Keys.plist */; };
		95DCDEBC288F45D0002076F5 /* EventCell.m in Sources */ = {isa = PBXBuildFile; fileRef = 95DCDEB8288F45D0002076F5 /* EventCell.m */; };
		95DCDEC2288F462E002076F5 /* AppDelegate.m in Sources */ = {isa = PBXBuildFile; fileRef = 95DCDEBE288F462E002076F5 /* AppDelegate.m */; };
		95DCDEC3288F462E002076F5 /* SceneDelegate.m in Sources */ = {isa = PBXBuildFile; fileRef = 95DCDEC1288F462E002076F5 /* SceneDelegate.m */; };
		95DCDEC6288F466E002076F5 /* HangOUTCell.m in Sources */ = {isa = PBXBuildFile; fileRef = 95DCDEC5288F466E002076F5 /* HangOUTCell.m */; };
		95DCDEE7288F4A12002076F5 /* GroupMessageView.m in Sources */ = {isa = PBXBuildFile; fileRef = 95DCDEE5288F4A12002076F5 /* GroupMessageView.m */; };
		95DCDEE8288F4A12002076F5 /* GroupPassViewController.m in Sources */ = {isa = PBXBuildFile; fileRef = 95DCDEE6288F4A12002076F5 /* GroupPassViewController.m */; };
		95DCDEEE288F4CC9002076F5 /* LoginViewController.m in Sources */ = {isa = PBXBuildFile; fileRef = 95DCDEEB288F4CC9002076F5 /* LoginViewController.m */; };
		95DCDEEF288F4CC9002076F5 /* SignupViewController.m in Sources */ = {isa = PBXBuildFile; fileRef = 95DCDEEC288F4CC9002076F5 /* SignupViewController.m */; };
		95DCDEF6288F4D70002076F5 /* PostViewController.m in Sources */ = {isa = PBXBuildFile; fileRef = 95DCDEF3288F4D70002076F5 /* PostViewController.m */; };
		95DCDEF7288F4D70002076F5 /* Post.m in Sources */ = {isa = PBXBuildFile; fileRef = 95DCDEF4288F4D70002076F5 /* Post.m */; };
		95DCDEFE288F4D7B002076F5 /* ProfilePictureViewController.m in Sources */ = {isa = PBXBuildFile; fileRef = 95DCDEF8288F4D7B002076F5 /* ProfilePictureViewController.m */; };
		95DCDEFF288F4D7B002076F5 /* ProfilePic.m in Sources */ = {isa = PBXBuildFile; fileRef = 95DCDEFB288F4D7B002076F5 /* ProfilePic.m */; };
		95DCDF00288F4D7B002076F5 /* ProfileViewContoller.m in Sources */ = {isa = PBXBuildFile; fileRef = 95DCDEFD288F4D7B002076F5 /* ProfileViewContoller.m */; };
		95DCDF0528905053002076F5 /* EventsViewController.m in Sources */ = {isa = PBXBuildFile; fileRef = 95DCDF0328905053002076F5 /* EventsViewController.m */; };
		95DCDF082890505D002076F5 /* HomeViewController.m in Sources */ = {isa = PBXBuildFile; fileRef = 95DCDF062890505D002076F5 /* HomeViewController.m */; };
		95DCDF0B2890508D002076F5 /* ViewController.m in Sources */ = {isa = PBXBuildFile; fileRef = 95DCDF0A2890508D002076F5 /* ViewController.m */; };
		95DCDF36289ADDF5002076F5 /* StateViewController.m in Sources */ = {isa = PBXBuildFile; fileRef = 95DCDF32289ADDF5002076F5 /* StateViewController.m */; };
		95DCDF37289ADDF5002076F5 /* StateCell.m in Sources */ = {isa = PBXBuildFile; fileRef = 95DCDF33289ADDF5002076F5 /* StateCell.m */; };
		95DCDF3C289ADE9C002076F5 /* TypeViewController.m in Sources */ = {isa = PBXBuildFile; fileRef = 95DCDF3A289ADE9C002076F5 /* TypeViewController.m */; };
		95DCDF3D289ADE9C002076F5 /* TypeCell.m in Sources */ = {isa = PBXBuildFile; fileRef = 95DCDF3B289ADE9C002076F5 /* TypeCell.m */; };
		95DCDF40289ADEAD002076F5 /* FilterViewController.m in Sources */ = {isa = PBXBuildFile; fileRef = 95DCDF3E289ADEAD002076F5 /* FilterViewController.m */; };
		966ED540B9A2A5D3E62CD8E0 /* libPods-HangOut.a in Frameworks */ = {isa = PBXBuildFile; fileRef = 06785D0378A68E04F16E844B /* libPods-HangOut.a */; };
		96A4682D6264D890E4EC9CA9 /* libPods-HangOutTests.a in Frameworks */ = {isa = PBXBuildFile; fileRef = 9589EE52621F457E99E85B26 /* libPods-HangOutTests.a */; };
/* End PBXBuildFile section */

/* Begin PBXContainerItemProxy section */
		953F071D2874ABD7009BD594 /* PBXContainerItemProxy */ = {
			isa = PBXContainerItemProxy;
			containerPortal = 953F06F62874ABD6009BD594 /* Project object */;
			proxyType = 1;
			remoteGlobalIDString = 953F06FD2874ABD6009BD594;
			remoteInfo = HangOut;
		};
		953F07272874ABD7009BD594 /* PBXContainerItemProxy */ = {
			isa = PBXContainerItemProxy;
			containerPortal = 953F06F62874ABD6009BD594 /* Project object */;
			proxyType = 1;
			remoteGlobalIDString = 953F06FD2874ABD6009BD594;
			remoteInfo = HangOut;
		};
/* End PBXContainerItemProxy section */

/* Begin PBXFileReference section */
		06785D0378A68E04F16E844B /* libPods-HangOut.a */ = {isa = PBXFileReference; explicitFileType = archive.ar; includeInIndex = 0; path = "libPods-HangOut.a"; sourceTree = BUILT_PRODUCTS_DIR; };
		06EBD73240E7D8649A6C235D /* Pods-HangOut.debug.xcconfig */ = {isa = PBXFileReference; includeInIndex = 1; lastKnownFileType = text.xcconfig; name = "Pods-HangOut.debug.xcconfig"; path = "Pods/Target Support Files/Pods-HangOut/Pods-HangOut.debug.xcconfig"; sourceTree = "<group>"; };
		11CF374C68A29C6CCB8464E9 /* Pods-HangOutUITests.release.xcconfig */ = {isa = PBXFileReference; includeInIndex = 1; lastKnownFileType = text.xcconfig; name = "Pods-HangOutUITests.release.xcconfig"; path = "Pods/Target Support Files/Pods-HangOutUITests/Pods-HangOutUITests.release.xcconfig"; sourceTree = "<group>"; };
		3BDC14E044A4D7CAA1170057 /* libPods-HangOutUITests.a */ = {isa = PBXFileReference; explicitFileType = archive.ar; includeInIndex = 0; path = "libPods-HangOutUITests.a"; sourceTree = BUILT_PRODUCTS_DIR; };
		7BC8769BAB806F79FED45840 /* Pods-HangOutTests.release.xcconfig */ = {isa = PBXFileReference; includeInIndex = 1; lastKnownFileType = text.xcconfig; name = "Pods-HangOutTests.release.xcconfig"; path = "Pods/Target Support Files/Pods-HangOutTests/Pods-HangOutTests.release.xcconfig"; sourceTree = "<group>"; };
		91ABB8770DDA35F4E3C7BDC7 /* Pods-HangOutTests.debug.xcconfig */ = {isa = PBXFileReference; includeInIndex = 1; lastKnownFileType = text.xcconfig; name = "Pods-HangOutTests.debug.xcconfig"; path = "Pods/Target Support Files/Pods-HangOutTests/Pods-HangOutTests.debug.xcconfig"; sourceTree = "<group>"; };
		953F06FE2874ABD6009BD594 /* HangOut.app */ = {isa = PBXFileReference; explicitFileType = wrapper.application; includeInIndex = 0; path = HangOut.app; sourceTree = BUILT_PRODUCTS_DIR; };
		953F070B2874ABD6009BD594 /* Base */ = {isa = PBXFileReference; lastKnownFileType = file.storyboard; name = Base; path = Base.lproj/Main.storyboard; sourceTree = "<group>"; };
		953F070E2874ABD6009BD594 /* HangOut.xcdatamodel */ = {isa = PBXFileReference; lastKnownFileType = wrapper.xcdatamodel; path = HangOut.xcdatamodel; sourceTree = "<group>"; };
		953F07102874ABD7009BD594 /* Assets.xcassets */ = {isa = PBXFileReference; lastKnownFileType = folder.assetcatalog; path = Assets.xcassets; sourceTree = "<group>"; };
		953F07132874ABD7009BD594 /* Base */ = {isa = PBXFileReference; lastKnownFileType = file.storyboard; name = Base; path = Base.lproj/LaunchScreen.storyboard; sourceTree = "<group>"; };
		953F07152874ABD7009BD594 /* Info.plist */ = {isa = PBXFileReference; lastKnownFileType = text.plist.xml; path = Info.plist; sourceTree = "<group>"; };
		953F07162874ABD7009BD594 /* main.m */ = {isa = PBXFileReference; lastKnownFileType = sourcecode.c.objc; path = main.m; sourceTree = "<group>"; };
		953F071C2874ABD7009BD594 /* HangOutTests.xctest */ = {isa = PBXFileReference; explicitFileType = wrapper.cfbundle; includeInIndex = 0; path = HangOutTests.xctest; sourceTree = BUILT_PRODUCTS_DIR; };
		953F07202874ABD7009BD594 /* HangOutTests.m */ = {isa = PBXFileReference; lastKnownFileType = sourcecode.c.objc; path = HangOutTests.m; sourceTree = "<group>"; };
		953F07262874ABD7009BD594 /* HangOutUITests.xctest */ = {isa = PBXFileReference; explicitFileType = wrapper.cfbundle; includeInIndex = 0; path = HangOutUITests.xctest; sourceTree = BUILT_PRODUCTS_DIR; };
		953F072A2874ABD7009BD594 /* HangOutUITests.m */ = {isa = PBXFileReference; lastKnownFileType = sourcecode.c.objc; path = HangOutUITests.m; sourceTree = "<group>"; };
		953F072C2874ABD7009BD594 /* HangOutUITestsLaunchTests.m */ = {isa = PBXFileReference; lastKnownFileType = sourcecode.c.objc; path = HangOutUITestsLaunchTests.m; sourceTree = "<group>"; };
		954873202874F368002CD6BC /* Keys.plist */ = {isa = PBXFileReference; lastKnownFileType = text.plist.xml; path = Keys.plist; sourceTree = "<group>"; };
		9589EE52621F457E99E85B26 /* libPods-HangOutTests.a */ = {isa = PBXFileReference; explicitFileType = archive.ar; includeInIndex = 0; path = "libPods-HangOutTests.a"; sourceTree = BUILT_PRODUCTS_DIR; };
		95DCDEB8288F45D0002076F5 /* EventCell.m */ = {isa = PBXFileReference; fileEncoding = 4; lastKnownFileType = sourcecode.c.objc; path = EventCell.m; sourceTree = "<group>"; };
		95DCDEBB288F45D0002076F5 /* EventCell.h */ = {isa = PBXFileReference; fileEncoding = 4; lastKnownFileType = sourcecode.c.h; path = EventCell.h; sourceTree = "<group>"; };
		95DCDEBE288F462E002076F5 /* AppDelegate.m */ = {isa = PBXFileReference; fileEncoding = 4; lastKnownFileType = sourcecode.c.objc; path = AppDelegate.m; sourceTree = "<group>"; };
		95DCDEBF288F462E002076F5 /* AppDelegate.h */ = {isa = PBXFileReference; fileEncoding = 4; lastKnownFileType = sourcecode.c.h; path = AppDelegate.h; sourceTree = "<group>"; };
		95DCDEC0288F462E002076F5 /* SceneDelegate.h */ = {isa = PBXFileReference; fileEncoding = 4; lastKnownFileType = sourcecode.c.h; path = SceneDelegate.h; sourceTree = "<group>"; };
		95DCDEC1288F462E002076F5 /* SceneDelegate.m */ = {isa = PBXFileReference; fileEncoding = 4; lastKnownFileType = sourcecode.c.objc; path = SceneDelegate.m; sourceTree = "<group>"; };
		95DCDEC4288F466E002076F5 /* HangOUTCell.h */ = {isa = PBXFileReference; fileEncoding = 4; lastKnownFileType = sourcecode.c.h; path = HangOUTCell.h; sourceTree = "<group>"; };
		95DCDEC5288F466E002076F5 /* HangOUTCell.m */ = {isa = PBXFileReference; fileEncoding = 4; lastKnownFileType = sourcecode.c.objc; path = HangOUTCell.m; sourceTree = "<group>"; };
		95DCDEE3288F4A12002076F5 /* GroupPassViewController.h */ = {isa = PBXFileReference; fileEncoding = 4; lastKnownFileType = sourcecode.c.h; path = GroupPassViewController.h; sourceTree = "<group>"; };
		95DCDEE4288F4A12002076F5 /* GroupMessageView.h */ = {isa = PBXFileReference; fileEncoding = 4; lastKnownFileType = sourcecode.c.h; path = GroupMessageView.h; sourceTree = "<group>"; };
		95DCDEE5288F4A12002076F5 /* GroupMessageView.m */ = {isa = PBXFileReference; fileEncoding = 4; lastKnownFileType = sourcecode.c.objc; path = GroupMessageView.m; sourceTree = "<group>"; };
		95DCDEE6288F4A12002076F5 /* GroupPassViewController.m */ = {isa = PBXFileReference; fileEncoding = 4; lastKnownFileType = sourcecode.c.objc; path = GroupPassViewController.m; sourceTree = "<group>"; };
		95DCDEEA288F4CC9002076F5 /* LoginViewController.h */ = {isa = PBXFileReference; fileEncoding = 4; lastKnownFileType = sourcecode.c.h; path = LoginViewController.h; sourceTree = "<group>"; };
		95DCDEEB288F4CC9002076F5 /* LoginViewController.m */ = {isa = PBXFileReference; fileEncoding = 4; lastKnownFileType = sourcecode.c.objc; path = LoginViewController.m; sourceTree = "<group>"; };
		95DCDEEC288F4CC9002076F5 /* SignupViewController.m */ = {isa = PBXFileReference; fileEncoding = 4; lastKnownFileType = sourcecode.c.objc; path = SignupViewController.m; sourceTree = "<group>"; };
		95DCDEED288F4CC9002076F5 /* SignupViewController.h */ = {isa = PBXFileReference; fileEncoding = 4; lastKnownFileType = sourcecode.c.h; path = SignupViewController.h; sourceTree = "<group>"; };
		95DCDEF2288F4D70002076F5 /* Post.h */ = {isa = PBXFileReference; fileEncoding = 4; lastKnownFileType = sourcecode.c.h; path = Post.h; sourceTree = "<group>"; };
		95DCDEF3288F4D70002076F5 /* PostViewController.m */ = {isa = PBXFileReference; fileEncoding = 4; lastKnownFileType = sourcecode.c.objc; path = PostViewController.m; sourceTree = "<group>"; };
		95DCDEF4288F4D70002076F5 /* Post.m */ = {isa = PBXFileReference; fileEncoding = 4; lastKnownFileType = sourcecode.c.objc; path = Post.m; sourceTree = "<group>"; };
		95DCDEF5288F4D70002076F5 /* PostViewController.h */ = {isa = PBXFileReference; fileEncoding = 4; lastKnownFileType = sourcecode.c.h; path = PostViewController.h; sourceTree = "<group>"; };
		95DCDEF8288F4D7B002076F5 /* ProfilePictureViewController.m */ = {isa = PBXFileReference; fileEncoding = 4; lastKnownFileType = sourcecode.c.objc; path = ProfilePictureViewController.m; sourceTree = "<group>"; };
		95DCDEF9288F4D7B002076F5 /* ProfilePictureViewController.h */ = {isa = PBXFileReference; fileEncoding = 4; lastKnownFileType = sourcecode.c.h; path = ProfilePictureViewController.h; sourceTree = "<group>"; };
		95DCDEFB288F4D7B002076F5 /* ProfilePic.m */ = {isa = PBXFileReference; fileEncoding = 4; lastKnownFileType = sourcecode.c.objc; path = ProfilePic.m; sourceTree = "<group>"; };
		95DCDEFC288F4D7B002076F5 /* ProfileViewContoller.h */ = {isa = PBXFileReference; fileEncoding = 4; lastKnownFileType = sourcecode.c.h; path = ProfileViewContoller.h; sourceTree = "<group>"; };
		95DCDEFD288F4D7B002076F5 /* ProfileViewContoller.m */ = {isa = PBXFileReference; fileEncoding = 4; lastKnownFileType = sourcecode.c.objc; path = ProfileViewContoller.m; sourceTree = "<group>"; };
		95DCDF0328905053002076F5 /* EventsViewController.m */ = {isa = PBXFileReference; fileEncoding = 4; lastKnownFileType = sourcecode.c.objc; path = EventsViewController.m; sourceTree = "<group>"; };
		95DCDF0428905053002076F5 /* EventsViewController.h */ = {isa = PBXFileReference; fileEncoding = 4; lastKnownFileType = sourcecode.c.h; path = EventsViewController.h; sourceTree = "<group>"; };
		95DCDF062890505D002076F5 /* HomeViewController.m */ = {isa = PBXFileReference; fileEncoding = 4; lastKnownFileType = sourcecode.c.objc; path = HomeViewController.m; sourceTree = "<group>"; };
		95DCDF072890505D002076F5 /* HomeViewController.h */ = {isa = PBXFileReference; fileEncoding = 4; lastKnownFileType = sourcecode.c.h; path = HomeViewController.h; sourceTree = "<group>"; };
		95DCDF092890508D002076F5 /* ViewController.h */ = {isa = PBXFileReference; fileEncoding = 4; lastKnownFileType = sourcecode.c.h; path = ViewController.h; sourceTree = "<group>"; };
		95DCDF0A2890508D002076F5 /* ViewController.m */ = {isa = PBXFileReference; fileEncoding = 4; lastKnownFileType = sourcecode.c.objc; path = ViewController.m; sourceTree = "<group>"; };
		95DCDF32289ADDF5002076F5 /* StateViewController.m */ = {isa = PBXFileReference; fileEncoding = 4; lastKnownFileType = sourcecode.c.objc; path = StateViewController.m; sourceTree = "<group>"; };
		95DCDF33289ADDF5002076F5 /* StateCell.m */ = {isa = PBXFileReference; fileEncoding = 4; lastKnownFileType = sourcecode.c.objc; path = StateCell.m; sourceTree = "<group>"; };
		95DCDF34289ADDF5002076F5 /* StateViewController.h */ = {isa = PBXFileReference; fileEncoding = 4; lastKnownFileType = sourcecode.c.h; path = StateViewController.h; sourceTree = "<group>"; };
		95DCDF35289ADDF5002076F5 /* StateCell.h */ = {isa = PBXFileReference; fileEncoding = 4; lastKnownFileType = sourcecode.c.h; path = StateCell.h; sourceTree = "<group>"; };
		95DCDF38289ADE9C002076F5 /* TypeViewController.h */ = {isa = PBXFileReference; fileEncoding = 4; lastKnownFileType = sourcecode.c.h; path = TypeViewController.h; sourceTree = "<group>"; };
		95DCDF39289ADE9C002076F5 /* TypeCell.h */ = {isa = PBXFileReference; fileEncoding = 4; lastKnownFileType = sourcecode.c.h; path = TypeCell.h; sourceTree = "<group>"; };
		95DCDF3A289ADE9C002076F5 /* TypeViewController.m */ = {isa = PBXFileReference; fileEncoding = 4; lastKnownFileType = sourcecode.c.objc; path = TypeViewController.m; sourceTree = "<group>"; };
		95DCDF3B289ADE9C002076F5 /* TypeCell.m */ = {isa = PBXFileReference; fileEncoding = 4; lastKnownFileType = sourcecode.c.objc; path = TypeCell.m; sourceTree = "<group>"; };
		95DCDF3E289ADEAD002076F5 /* FilterViewController.m */ = {isa = PBXFileReference; fileEncoding = 4; lastKnownFileType = sourcecode.c.objc; path = FilterViewController.m; sourceTree = "<group>"; };
		95DCDF3F289ADEAD002076F5 /* FilterViewController.h */ = {isa = PBXFileReference; fileEncoding = 4; lastKnownFileType = sourcecode.c.h; path = FilterViewController.h; sourceTree = "<group>"; };
		95DCDF41289ADF07002076F5 /* ProfilePic.h */ = {isa = PBXFileReference; fileEncoding = 4; lastKnownFileType = sourcecode.c.h; path = ProfilePic.h; sourceTree = "<group>"; };
		F0FAFC4E646808D0230A344F /* Pods-HangOutUITests.debug.xcconfig */ = {isa = PBXFileReference; includeInIndex = 1; lastKnownFileType = text.xcconfig; name = "Pods-HangOutUITests.debug.xcconfig"; path = "Pods/Target Support Files/Pods-HangOutUITests/Pods-HangOutUITests.debug.xcconfig"; sourceTree = "<group>"; };
		FB25F62C4F8DFE5EDC6E7D3C /* Pods-HangOut.release.xcconfig */ = {isa = PBXFileReference; includeInIndex = 1; lastKnownFileType = text.xcconfig; name = "Pods-HangOut.release.xcconfig"; path = "Pods/Target Support Files/Pods-HangOut/Pods-HangOut.release.xcconfig"; sourceTree = "<group>"; };
/* End PBXFileReference section */

/* Begin PBXFrameworksBuildPhase section */
		953F06FB2874ABD6009BD594 /* Frameworks */ = {
			isa = PBXFrameworksBuildPhase;
			buildActionMask = 2147483647;
			files = (
				966ED540B9A2A5D3E62CD8E0 /* libPods-HangOut.a in Frameworks */,
			);
			runOnlyForDeploymentPostprocessing = 0;
		};
		953F07192874ABD7009BD594 /* Frameworks */ = {
			isa = PBXFrameworksBuildPhase;
			buildActionMask = 2147483647;
			files = (
				96A4682D6264D890E4EC9CA9 /* libPods-HangOutTests.a in Frameworks */,
			);
			runOnlyForDeploymentPostprocessing = 0;
		};
		953F07232874ABD7009BD594 /* Frameworks */ = {
			isa = PBXFrameworksBuildPhase;
			buildActionMask = 2147483647;
			files = (
				3340C9EB5B81CACFD02BD2FB /* libPods-HangOutUITests.a in Frameworks */,
			);
			runOnlyForDeploymentPostprocessing = 0;
		};
/* End PBXFrameworksBuildPhase section */

/* Begin PBXGroup section */
		036277543675DF735CCF5581 /* Pods */ = {
			isa = PBXGroup;
			children = (
				06EBD73240E7D8649A6C235D /* Pods-HangOut.debug.xcconfig */,
				FB25F62C4F8DFE5EDC6E7D3C /* Pods-HangOut.release.xcconfig */,
				91ABB8770DDA35F4E3C7BDC7 /* Pods-HangOutTests.debug.xcconfig */,
				7BC8769BAB806F79FED45840 /* Pods-HangOutTests.release.xcconfig */,
				F0FAFC4E646808D0230A344F /* Pods-HangOutUITests.debug.xcconfig */,
				11CF374C68A29C6CCB8464E9 /* Pods-HangOutUITests.release.xcconfig */,
			);
			name = Pods;
			sourceTree = "<group>";
		};
		676698D3AF294F26F002A8CC /* Frameworks */ = {
			isa = PBXGroup;
			children = (
				06785D0378A68E04F16E844B /* libPods-HangOut.a */,
				9589EE52621F457E99E85B26 /* libPods-HangOutTests.a */,
				3BDC14E044A4D7CAA1170057 /* libPods-HangOutUITests.a */,
			);
			name = Frameworks;
			sourceTree = "<group>";
		};
		953F06F52874ABD6009BD594 = {
			isa = PBXGroup;
			children = (
				953F07002874ABD6009BD594 /* HangOut */,
				953F071F2874ABD7009BD594 /* HangOutTests */,
				953F07292874ABD7009BD594 /* HangOutUITests */,
				953F06FF2874ABD6009BD594 /* Products */,
				036277543675DF735CCF5581 /* Pods */,
				676698D3AF294F26F002A8CC /* Frameworks */,
			);
			sourceTree = "<group>";
		};
		953F06FF2874ABD6009BD594 /* Products */ = {
			isa = PBXGroup;
			children = (
				953F06FE2874ABD6009BD594 /* HangOut.app */,
				953F071C2874ABD7009BD594 /* HangOutTests.xctest */,
				953F07262874ABD7009BD594 /* HangOutUITests.xctest */,
			);
			name = Products;
			sourceTree = "<group>";
		};
		953F07002874ABD6009BD594 /* HangOut */ = {
			isa = PBXGroup;
			children = (
				953F070A2874ABD6009BD594 /* Main.storyboard */,
				95DCDF31289ADD89002076F5 /* State Contoller &Cell */,
				95DCDF30289ADD48002076F5 /* Type Contoller &Cell */,
				95DCDF2E289ADD1C002076F5 /* Filter Controller &Cell */,
				95DCDF0228905018002076F5 /* Home Controller */,
				95DCDF0128904FC6002076F5 /* OutingsControllers */,
				95DCDEF1288F4D14002076F5 /* ProfileController */,
				95DCDEF0288F4CF2002076F5 /* Posts */,
				95DCDEE9288F4C27002076F5 /* Homelogins */,
				95DCDECD288F4761002076F5 /* GroupsViewContoller */,
				955FECE42887362500D34B54 /* Delegates */,
				955FECE32887361500D34B54 /* Cells */,
				955FECE02887359600D34B54 /* View Controllers */,
				953F07102874ABD7009BD594 /* Assets.xcassets */,
				953F07122874ABD7009BD594 /* LaunchScreen.storyboard */,
				953F07152874ABD7009BD594 /* Info.plist */,
				954873202874F368002CD6BC /* Keys.plist */,
				953F07162874ABD7009BD594 /* main.m */,
				953F070D2874ABD6009BD594 /* HangOut.xcdatamodeld */,
			);
			path = HangOut;
			sourceTree = "<group>";
		};
		953F071F2874ABD7009BD594 /* HangOutTests */ = {
			isa = PBXGroup;
			children = (
				953F07202874ABD7009BD594 /* HangOutTests.m */,
			);
			path = HangOutTests;
			sourceTree = "<group>";
		};
		953F07292874ABD7009BD594 /* HangOutUITests */ = {
			isa = PBXGroup;
			children = (
				953F072A2874ABD7009BD594 /* HangOutUITests.m */,
				953F072C2874ABD7009BD594 /* HangOutUITestsLaunchTests.m */,
			);
			path = HangOutUITests;
			sourceTree = "<group>";
		};
		955FECE02887359600D34B54 /* View Controllers */ = {
			isa = PBXGroup;
			children = (
				95DCDF092890508D002076F5 /* ViewController.h */,
				95DCDF0A2890508D002076F5 /* ViewController.m */,
			);
			path = "View Controllers";
			sourceTree = "<group>";
		};
		955FECE32887361500D34B54 /* Cells */ = {
			isa = PBXGroup;
			children = (
				95DCDEC4288F466E002076F5 /* HangOUTCell.h */,
				95DCDEC5288F466E002076F5 /* HangOUTCell.m */,
				95DCDEBB288F45D0002076F5 /* EventCell.h */,
				95DCDEB8288F45D0002076F5 /* EventCell.m */,
			);
			path = Cells;
			sourceTree = "<group>";
		};
		955FECE42887362500D34B54 /* Delegates */ = {
			isa = PBXGroup;
			children = (
				95DCDF0C28907360002076F5 /* Map  */,
				95DCDEBF288F462E002076F5 /* AppDelegate.h */,
				95DCDEBE288F462E002076F5 /* AppDelegate.m */,
				95DCDEC0288F462E002076F5 /* SceneDelegate.h */,
				95DCDEC1288F462E002076F5 /* SceneDelegate.m */,
			);
			path = Delegates;
			sourceTree = "<group>";
		};
		95DCDECD288F4761002076F5 /* GroupsViewContoller */ = {
			isa = PBXGroup;
			children = (
				95DCDEE4288F4A12002076F5 /* GroupMessageView.h */,
				95DCDEE5288F4A12002076F5 /* GroupMessageView.m */,
				95DCDEE3288F4A12002076F5 /* GroupPassViewController.h */,
				95DCDEE6288F4A12002076F5 /* GroupPassViewController.m */,
			);
			path = GroupsViewContoller;
			sourceTree = "<group>";
		};
		95DCDEE9288F4C27002076F5 /* Homelogins */ = {
			isa = PBXGroup;
			children = (
				95DCDEEA288F4CC9002076F5 /* LoginViewController.h */,
				95DCDEEB288F4CC9002076F5 /* LoginViewController.m */,
				95DCDEED288F4CC9002076F5 /* SignupViewController.h */,
				95DCDEEC288F4CC9002076F5 /* SignupViewController.m */,
			);
			path = Homelogins;
			sourceTree = "<group>";
		};
		95DCDEF0288F4CF2002076F5 /* Posts */ = {
			isa = PBXGroup;
			children = (
				95DCDEF2288F4D70002076F5 /* Post.h */,
				95DCDEF4288F4D70002076F5 /* Post.m */,
				95DCDEF5288F4D70002076F5 /* PostViewController.h */,
				95DCDEF3288F4D70002076F5 /* PostViewController.m */,
			);
			path = Posts;
			sourceTree = "<group>";
		};
		95DCDEF1288F4D14002076F5 /* ProfileController */ = {
			isa = PBXGroup;
			children = (
				95DCDF41289ADF07002076F5 /* ProfilePic.h */,
				95DCDEFB288F4D7B002076F5 /* ProfilePic.m */,
				95DCDEF9288F4D7B002076F5 /* ProfilePictureViewController.h */,
				95DCDEF8288F4D7B002076F5 /* ProfilePictureViewController.m */,
				95DCDEFC288F4D7B002076F5 /* ProfileViewContoller.h */,
				95DCDEFD288F4D7B002076F5 /* ProfileViewContoller.m */,
			);
			path = ProfileController;
			sourceTree = "<group>";
		};
		95DCDF0128904FC6002076F5 /* OutingsControllers */ = {
			isa = PBXGroup;
			children = (
				95DCDF0428905053002076F5 /* EventsViewController.h */,
				95DCDF0328905053002076F5 /* EventsViewController.m */,
			);
			path = OutingsControllers;
			sourceTree = "<group>";
		};
		95DCDF0228905018002076F5 /* Home Controller */ = {
			isa = PBXGroup;
			children = (
				95DCDF072890505D002076F5 /* HomeViewController.h */,
				95DCDF062890505D002076F5 /* HomeViewController.m */,
			);
			path = "Home Controller";
			sourceTree = "<group>";
		};
		95DCDF0C28907360002076F5 /* Map  */ = {
			isa = PBXGroup;
			children = (
			);
			name = "Map ";
			path = "../Map ";
			sourceTree = "<group>";
		};
		95DCDF2E289ADD1C002076F5 /* Filter Controller &Cell */ = {
			isa = PBXGroup;
			children = (
				95DCDF3F289ADEAD002076F5 /* FilterViewController.h */,
				95DCDF3E289ADEAD002076F5 /* FilterViewController.m */,
			);
			path = "Filter Controller &Cell";
			sourceTree = "<group>";
		};
		95DCDF30289ADD48002076F5 /* Type Contoller &Cell */ = {
			isa = PBXGroup;
			children = (
				95DCDF39289ADE9C002076F5 /* TypeCell.h */,
				95DCDF3B289ADE9C002076F5 /* TypeCell.m */,
				95DCDF38289ADE9C002076F5 /* TypeViewController.h */,
				95DCDF3A289ADE9C002076F5 /* TypeViewController.m */,
			);
			path = "Type Contoller &Cell";
			sourceTree = "<group>";
		};
		95DCDF31289ADD89002076F5 /* State Contoller &Cell */ = {
			isa = PBXGroup;
			children = (
				95DCDF35289ADDF5002076F5 /* StateCell.h */,
				95DCDF33289ADDF5002076F5 /* StateCell.m */,
				95DCDF34289ADDF5002076F5 /* StateViewController.h */,
				95DCDF32289ADDF5002076F5 /* StateViewController.m */,
			);
			path = "State Contoller &Cell";
			sourceTree = "<group>";
		};
/* End PBXGroup section */

/* Begin PBXNativeTarget section */
		953F06FD2874ABD6009BD594 /* HangOut */ = {
			isa = PBXNativeTarget;
			buildConfigurationList = 953F07302874ABD7009BD594 /* Build configuration list for PBXNativeTarget "HangOut" */;
			buildPhases = (
				8DC3C2A83A4F30F75E3DF3D2 /* [CP] Check Pods Manifest.lock */,
				953F06FA2874ABD6009BD594 /* Sources */,
				953F06FB2874ABD6009BD594 /* Frameworks */,
				953F06FC2874ABD6009BD594 /* Resources */,
				AD1B4A32B91E9F4203715AA1 /* [CP] Copy Pods Resources */,
			);
			buildRules = (
			);
			dependencies = (
			);
			name = HangOut;
			productName = HangOut;
			productReference = 953F06FE2874ABD6009BD594 /* HangOut.app */;
			productType = "com.apple.product-type.application";
		};
		953F071B2874ABD7009BD594 /* HangOutTests */ = {
			isa = PBXNativeTarget;
			buildConfigurationList = 953F07332874ABD7009BD594 /* Build configuration list for PBXNativeTarget "HangOutTests" */;
			buildPhases = (
				7DEE491249E6B114B91CE5E7 /* [CP] Check Pods Manifest.lock */,
				953F07182874ABD7009BD594 /* Sources */,
				953F07192874ABD7009BD594 /* Frameworks */,
				953F071A2874ABD7009BD594 /* Resources */,
			);
			buildRules = (
			);
			dependencies = (
				953F071E2874ABD7009BD594 /* PBXTargetDependency */,
			);
			name = HangOutTests;
			productName = HangOutTests;
			productReference = 953F071C2874ABD7009BD594 /* HangOutTests.xctest */;
			productType = "com.apple.product-type.bundle.unit-test";
		};
		953F07252874ABD7009BD594 /* HangOutUITests */ = {
			isa = PBXNativeTarget;
			buildConfigurationList = 953F07362874ABD7009BD594 /* Build configuration list for PBXNativeTarget "HangOutUITests" */;
			buildPhases = (
				2E8336834A01E9946D9AE7B0 /* [CP] Check Pods Manifest.lock */,
				953F07222874ABD7009BD594 /* Sources */,
				953F07232874ABD7009BD594 /* Frameworks */,
				953F07242874ABD7009BD594 /* Resources */,
			);
			buildRules = (
			);
			dependencies = (
				953F07282874ABD7009BD594 /* PBXTargetDependency */,
			);
			name = HangOutUITests;
			productName = HangOutUITests;
			productReference = 953F07262874ABD7009BD594 /* HangOutUITests.xctest */;
			productType = "com.apple.product-type.bundle.ui-testing";
		};
/* End PBXNativeTarget section */

/* Begin PBXProject section */
		953F06F62874ABD6009BD594 /* Project object */ = {
			isa = PBXProject;
			attributes = {
				LastUpgradeCheck = 1330;
				TargetAttributes = {
					953F06FD2874ABD6009BD594 = {
						CreatedOnToolsVersion = 13.3.1;
					};
					953F071B2874ABD7009BD594 = {
						CreatedOnToolsVersion = 13.3.1;
						TestTargetID = 953F06FD2874ABD6009BD594;
					};
					953F07252874ABD7009BD594 = {
						CreatedOnToolsVersion = 13.3.1;
						TestTargetID = 953F06FD2874ABD6009BD594;
					};
				};
			};
			buildConfigurationList = 953F06F92874ABD6009BD594 /* Build configuration list for PBXProject "HangOut" */;
			compatibilityVersion = "Xcode 13.0";
			developmentRegion = en;
			hasScannedForEncodings = 0;
			knownRegions = (
				en,
				Base,
			);
			mainGroup = 953F06F52874ABD6009BD594;
			productRefGroup = 953F06FF2874ABD6009BD594 /* Products */;
			projectDirPath = "";
			projectRoot = "";
			targets = (
				953F06FD2874ABD6009BD594 /* HangOut */,
				953F071B2874ABD7009BD594 /* HangOutTests */,
				953F07252874ABD7009BD594 /* HangOutUITests */,
			);
		};
/* End PBXProject section */

/* Begin PBXResourcesBuildPhase section */
		953F06FC2874ABD6009BD594 /* Resources */ = {
			isa = PBXResourcesBuildPhase;
			buildActionMask = 2147483647;
			files = (
				954873212874F368002CD6BC /* Keys.plist in Resources */,
				953F07142874ABD7009BD594 /* LaunchScreen.storyboard in Resources */,
				953F07112874ABD7009BD594 /* Assets.xcassets in Resources */,
				953F070C2874ABD6009BD594 /* Main.storyboard in Resources */,
			);
			runOnlyForDeploymentPostprocessing = 0;
		};
		953F071A2874ABD7009BD594 /* Resources */ = {
			isa = PBXResourcesBuildPhase;
			buildActionMask = 2147483647;
			files = (
			);
			runOnlyForDeploymentPostprocessing = 0;
		};
		953F07242874ABD7009BD594 /* Resources */ = {
			isa = PBXResourcesBuildPhase;
			buildActionMask = 2147483647;
			files = (
			);
			runOnlyForDeploymentPostprocessing = 0;
		};
/* End PBXResourcesBuildPhase section */

/* Begin PBXShellScriptBuildPhase section */
		2E8336834A01E9946D9AE7B0 /* [CP] Check Pods Manifest.lock */ = {
			isa = PBXShellScriptBuildPhase;
			buildActionMask = 2147483647;
			files = (
			);
			inputPaths = (
				"${PODS_PODFILE_DIR_PATH}/Podfile.lock",
				"${PODS_ROOT}/Manifest.lock",
			);
			name = "[CP] Check Pods Manifest.lock";
			outputPaths = (
				"$(DERIVED_FILE_DIR)/Pods-HangOutUITests-checkManifestLockResult.txt",
			);
			runOnlyForDeploymentPostprocessing = 0;
			shellPath = /bin/sh;
			shellScript = "diff \"${PODS_PODFILE_DIR_PATH}/Podfile.lock\" \"${PODS_ROOT}/Manifest.lock\" > /dev/null\nif [ $? != 0 ] ; then\n    # print error to STDERR\n    echo \"error: The sandbox is not in sync with the Podfile.lock. Run 'pod install' or update your CocoaPods installation.\" >&2\n    exit 1\nfi\n# This output is used by Xcode 'outputs' to avoid re-running this script phase.\necho \"SUCCESS\" > \"${SCRIPT_OUTPUT_FILE_0}\"\n";
			showEnvVarsInLog = 0;
		};
		7DEE491249E6B114B91CE5E7 /* [CP] Check Pods Manifest.lock */ = {
			isa = PBXShellScriptBuildPhase;
			buildActionMask = 2147483647;
			files = (
			);
			inputPaths = (
				"${PODS_PODFILE_DIR_PATH}/Podfile.lock",
				"${PODS_ROOT}/Manifest.lock",
			);
			name = "[CP] Check Pods Manifest.lock";
			outputPaths = (
				"$(DERIVED_FILE_DIR)/Pods-HangOutTests-checkManifestLockResult.txt",
			);
			runOnlyForDeploymentPostprocessing = 0;
			shellPath = /bin/sh;
			shellScript = "diff \"${PODS_PODFILE_DIR_PATH}/Podfile.lock\" \"${PODS_ROOT}/Manifest.lock\" > /dev/null\nif [ $? != 0 ] ; then\n    # print error to STDERR\n    echo \"error: The sandbox is not in sync with the Podfile.lock. Run 'pod install' or update your CocoaPods installation.\" >&2\n    exit 1\nfi\n# This output is used by Xcode 'outputs' to avoid re-running this script phase.\necho \"SUCCESS\" > \"${SCRIPT_OUTPUT_FILE_0}\"\n";
			showEnvVarsInLog = 0;
		};
		8DC3C2A83A4F30F75E3DF3D2 /* [CP] Check Pods Manifest.lock */ = {
			isa = PBXShellScriptBuildPhase;
			buildActionMask = 2147483647;
			files = (
			);
			inputPaths = (
				"${PODS_PODFILE_DIR_PATH}/Podfile.lock",
				"${PODS_ROOT}/Manifest.lock",
			);
			name = "[CP] Check Pods Manifest.lock";
			outputPaths = (
				"$(DERIVED_FILE_DIR)/Pods-HangOut-checkManifestLockResult.txt",
			);
			runOnlyForDeploymentPostprocessing = 0;
			shellPath = /bin/sh;
			shellScript = "diff \"${PODS_PODFILE_DIR_PATH}/Podfile.lock\" \"${PODS_ROOT}/Manifest.lock\" > /dev/null\nif [ $? != 0 ] ; then\n    # print error to STDERR\n    echo \"error: The sandbox is not in sync with the Podfile.lock. Run 'pod install' or update your CocoaPods installation.\" >&2\n    exit 1\nfi\n# This output is used by Xcode 'outputs' to avoid re-running this script phase.\necho \"SUCCESS\" > \"${SCRIPT_OUTPUT_FILE_0}\"\n";
			showEnvVarsInLog = 0;
		};
		AD1B4A32B91E9F4203715AA1 /* [CP] Copy Pods Resources */ = {
			isa = PBXShellScriptBuildPhase;
			buildActionMask = 2147483647;
			files = (
			);
			inputPaths = (
				"${SRCROOT}/Pods/Target Support Files/Pods-HangOut/Pods-HangOut-resources.sh",
				"${PODS_ROOT}/DateTools/DateTools/DateTools/DateTools.bundle",
				"${PODS_CONFIGURATION_BUILD_DIR}/Parse/Parse.bundle",
				"${PODS_CONFIGURATION_BUILD_DIR}/Parse/ParseUI.bundle",
			);
			name = "[CP] Copy Pods Resources";
			outputPaths = (
				"${TARGET_BUILD_DIR}/${UNLOCALIZED_RESOURCES_FOLDER_PATH}/DateTools.bundle",
				"${TARGET_BUILD_DIR}/${UNLOCALIZED_RESOURCES_FOLDER_PATH}/Parse.bundle",
				"${TARGET_BUILD_DIR}/${UNLOCALIZED_RESOURCES_FOLDER_PATH}/ParseUI.bundle",
			);
			runOnlyForDeploymentPostprocessing = 0;
			shellPath = /bin/sh;
			shellScript = "\"${SRCROOT}/Pods/Target Support Files/Pods-HangOut/Pods-HangOut-resources.sh\"\n";
			showEnvVarsInLog = 0;
		};
/* End PBXShellScriptBuildPhase section */

/* Begin PBXSourcesBuildPhase section */
		953F06FA2874ABD6009BD594 /* Sources */ = {
			isa = PBXSourcesBuildPhase;
			buildActionMask = 2147483647;
			files = (
				953F07172874ABD7009BD594 /* main.m in Sources */,
				95DCDEC2288F462E002076F5 /* AppDelegate.m in Sources */,
				95DCDF36289ADDF5002076F5 /* StateViewController.m in Sources */,
				953F070F2874ABD6009BD594 /* HangOut.xcdatamodeld in Sources */,
				95DCDF3C289ADE9C002076F5 /* TypeViewController.m in Sources */,
				95DCDEC6288F466E002076F5 /* HangOUTCell.m in Sources */,
				95DCDEF7288F4D70002076F5 /* Post.m in Sources */,
				95DCDF0528905053002076F5 /* EventsViewController.m in Sources */,
				95DCDEFE288F4D7B002076F5 /* ProfilePictureViewController.m in Sources */,
				95DCDF0B2890508D002076F5 /* ViewController.m in Sources */,
				95DCDF00288F4D7B002076F5 /* ProfileViewContoller.m in Sources */,
				95DCDEE7288F4A12002076F5 /* GroupMessageView.m in Sources */,
				95DCDF37289ADDF5002076F5 /* StateCell.m in Sources */,
				95DCDEEF288F4CC9002076F5 /* SignupViewController.m in Sources */,
				95DCDEEE288F4CC9002076F5 /* LoginViewController.m in Sources */,
				95DCDF3D289ADE9C002076F5 /* TypeCell.m in Sources */,
				95DCDEBC288F45D0002076F5 /* EventCell.m in Sources */,
				95DCDEC3288F462E002076F5 /* SceneDelegate.m in Sources */,
				95DCDEE8288F4A12002076F5 /* GroupPassViewController.m in Sources */,
				95DCDEFF288F4D7B002076F5 /* ProfilePic.m in Sources */,
				95DCDF082890505D002076F5 /* HomeViewController.m in Sources */,
				95DCDF40289ADEAD002076F5 /* FilterViewController.m in Sources */,
				95DCDEF6288F4D70002076F5 /* PostViewController.m in Sources */,
			);
			runOnlyForDeploymentPostprocessing = 0;
		};
		953F07182874ABD7009BD594 /* Sources */ = {
			isa = PBXSourcesBuildPhase;
			buildActionMask = 2147483647;
			files = (
				953F07212874ABD7009BD594 /* HangOutTests.m in Sources */,
			);
			runOnlyForDeploymentPostprocessing = 0;
		};
		953F07222874ABD7009BD594 /* Sources */ = {
			isa = PBXSourcesBuildPhase;
			buildActionMask = 2147483647;
			files = (
				953F072B2874ABD7009BD594 /* HangOutUITests.m in Sources */,
				953F072D2874ABD7009BD594 /* HangOutUITestsLaunchTests.m in Sources */,
			);
			runOnlyForDeploymentPostprocessing = 0;
		};
/* End PBXSourcesBuildPhase section */

/* Begin PBXTargetDependency section */
		953F071E2874ABD7009BD594 /* PBXTargetDependency */ = {
			isa = PBXTargetDependency;
			target = 953F06FD2874ABD6009BD594 /* HangOut */;
			targetProxy = 953F071D2874ABD7009BD594 /* PBXContainerItemProxy */;
		};
		953F07282874ABD7009BD594 /* PBXTargetDependency */ = {
			isa = PBXTargetDependency;
			target = 953F06FD2874ABD6009BD594 /* HangOut */;
			targetProxy = 953F07272874ABD7009BD594 /* PBXContainerItemProxy */;
		};
/* End PBXTargetDependency section */

/* Begin PBXVariantGroup section */
		953F070A2874ABD6009BD594 /* Main.storyboard */ = {
			isa = PBXVariantGroup;
			children = (
				953F070B2874ABD6009BD594 /* Base */,
			);
			name = Main.storyboard;
			sourceTree = "<group>";
		};
		953F07122874ABD7009BD594 /* LaunchScreen.storyboard */ = {
			isa = PBXVariantGroup;
			children = (
				953F07132874ABD7009BD594 /* Base */,
			);
			name = LaunchScreen.storyboard;
			sourceTree = "<group>";
		};
/* End PBXVariantGroup section */

/* Begin XCBuildConfiguration section */
		953F072E2874ABD7009BD594 /* Debug */ = {
			isa = XCBuildConfiguration;
			buildSettings = {
				ALWAYS_SEARCH_USER_PATHS = NO;
				CLANG_ANALYZER_NONNULL = YES;
				CLANG_ANALYZER_NUMBER_OBJECT_CONVERSION = YES_AGGRESSIVE;
				CLANG_CXX_LANGUAGE_STANDARD = "gnu++17";
				CLANG_ENABLE_MODULES = YES;
				CLANG_ENABLE_OBJC_ARC = YES;
				CLANG_ENABLE_OBJC_WEAK = YES;
				CLANG_WARN_BLOCK_CAPTURE_AUTORELEASING = YES;
				CLANG_WARN_BOOL_CONVERSION = YES;
				CLANG_WARN_COMMA = YES;
				CLANG_WARN_CONSTANT_CONVERSION = YES;
				CLANG_WARN_DEPRECATED_OBJC_IMPLEMENTATIONS = YES;
				CLANG_WARN_DIRECT_OBJC_ISA_USAGE = YES_ERROR;
				CLANG_WARN_DOCUMENTATION_COMMENTS = YES;
				CLANG_WARN_EMPTY_BODY = YES;
				CLANG_WARN_ENUM_CONVERSION = YES;
				CLANG_WARN_INFINITE_RECURSION = YES;
				CLANG_WARN_INT_CONVERSION = YES;
				CLANG_WARN_NON_LITERAL_NULL_CONVERSION = YES;
				CLANG_WARN_OBJC_IMPLICIT_RETAIN_SELF = YES;
				CLANG_WARN_OBJC_LITERAL_CONVERSION = YES;
				CLANG_WARN_OBJC_ROOT_CLASS = YES_ERROR;
				CLANG_WARN_QUOTED_INCLUDE_IN_FRAMEWORK_HEADER = YES;
				CLANG_WARN_RANGE_LOOP_ANALYSIS = YES;
				CLANG_WARN_STRICT_PROTOTYPES = YES;
				CLANG_WARN_SUSPICIOUS_MOVE = YES;
				CLANG_WARN_UNGUARDED_AVAILABILITY = YES_AGGRESSIVE;
				CLANG_WARN_UNREACHABLE_CODE = YES;
				CLANG_WARN__DUPLICATE_METHOD_MATCH = YES;
				COPY_PHASE_STRIP = NO;
				DEBUG_INFORMATION_FORMAT = dwarf;
				ENABLE_STRICT_OBJC_MSGSEND = YES;
				ENABLE_TESTABILITY = YES;
				GCC_C_LANGUAGE_STANDARD = gnu11;
				GCC_DYNAMIC_NO_PIC = NO;
				GCC_NO_COMMON_BLOCKS = YES;
				GCC_OPTIMIZATION_LEVEL = 0;
				GCC_PREPROCESSOR_DEFINITIONS = (
					"DEBUG=1",
					"$(inherited)",
				);
				GCC_WARN_64_TO_32_BIT_CONVERSION = YES;
				GCC_WARN_ABOUT_RETURN_TYPE = YES_ERROR;
				GCC_WARN_UNDECLARED_SELECTOR = YES;
				GCC_WARN_UNINITIALIZED_AUTOS = YES_AGGRESSIVE;
				GCC_WARN_UNUSED_FUNCTION = YES;
				GCC_WARN_UNUSED_VARIABLE = YES;
				IPHONEOS_DEPLOYMENT_TARGET = 15.4;
				MTL_ENABLE_DEBUG_INFO = INCLUDE_SOURCE;
				MTL_FAST_MATH = YES;
				ONLY_ACTIVE_ARCH = YES;
				SDKROOT = iphoneos;
			};
			name = Debug;
		};
		953F072F2874ABD7009BD594 /* Release */ = {
			isa = XCBuildConfiguration;
			buildSettings = {
				ALWAYS_SEARCH_USER_PATHS = NO;
				CLANG_ANALYZER_NONNULL = YES;
				CLANG_ANALYZER_NUMBER_OBJECT_CONVERSION = YES_AGGRESSIVE;
				CLANG_CXX_LANGUAGE_STANDARD = "gnu++17";
				CLANG_ENABLE_MODULES = YES;
				CLANG_ENABLE_OBJC_ARC = YES;
				CLANG_ENABLE_OBJC_WEAK = YES;
				CLANG_WARN_BLOCK_CAPTURE_AUTORELEASING = YES;
				CLANG_WARN_BOOL_CONVERSION = YES;
				CLANG_WARN_COMMA = YES;
				CLANG_WARN_CONSTANT_CONVERSION = YES;
				CLANG_WARN_DEPRECATED_OBJC_IMPLEMENTATIONS = YES;
				CLANG_WARN_DIRECT_OBJC_ISA_USAGE = YES_ERROR;
				CLANG_WARN_DOCUMENTATION_COMMENTS = YES;
				CLANG_WARN_EMPTY_BODY = YES;
				CLANG_WARN_ENUM_CONVERSION = YES;
				CLANG_WARN_INFINITE_RECURSION = YES;
				CLANG_WARN_INT_CONVERSION = YES;
				CLANG_WARN_NON_LITERAL_NULL_CONVERSION = YES;
				CLANG_WARN_OBJC_IMPLICIT_RETAIN_SELF = YES;
				CLANG_WARN_OBJC_LITERAL_CONVERSION = YES;
				CLANG_WARN_OBJC_ROOT_CLASS = YES_ERROR;
				CLANG_WARN_QUOTED_INCLUDE_IN_FRAMEWORK_HEADER = YES;
				CLANG_WARN_RANGE_LOOP_ANALYSIS = YES;
				CLANG_WARN_STRICT_PROTOTYPES = YES;
				CLANG_WARN_SUSPICIOUS_MOVE = YES;
				CLANG_WARN_UNGUARDED_AVAILABILITY = YES_AGGRESSIVE;
				CLANG_WARN_UNREACHABLE_CODE = YES;
				CLANG_WARN__DUPLICATE_METHOD_MATCH = YES;
				COPY_PHASE_STRIP = NO;
				DEBUG_INFORMATION_FORMAT = "dwarf-with-dsym";
				ENABLE_NS_ASSERTIONS = NO;
				ENABLE_STRICT_OBJC_MSGSEND = YES;
				GCC_C_LANGUAGE_STANDARD = gnu11;
				GCC_NO_COMMON_BLOCKS = YES;
				GCC_WARN_64_TO_32_BIT_CONVERSION = YES;
				GCC_WARN_ABOUT_RETURN_TYPE = YES_ERROR;
				GCC_WARN_UNDECLARED_SELECTOR = YES;
				GCC_WARN_UNINITIALIZED_AUTOS = YES_AGGRESSIVE;
				GCC_WARN_UNUSED_FUNCTION = YES;
				GCC_WARN_UNUSED_VARIABLE = YES;
				IPHONEOS_DEPLOYMENT_TARGET = 15.4;
				MTL_ENABLE_DEBUG_INFO = NO;
				MTL_FAST_MATH = YES;
				SDKROOT = iphoneos;
				VALIDATE_PRODUCT = YES;
			};
			name = Release;
		};
		953F07312874ABD7009BD594 /* Debug */ = {
			isa = XCBuildConfiguration;
			baseConfigurationReference = 06EBD73240E7D8649A6C235D /* Pods-HangOut.debug.xcconfig */;
			buildSettings = {
				ASSETCATALOG_COMPILER_APPICON_NAME = AppIcon;
				ASSETCATALOG_COMPILER_GLOBAL_ACCENT_COLOR_NAME = AccentColor;
				CODE_SIGN_STYLE = Automatic;
				CURRENT_PROJECT_VERSION = 1;
				DEVELOPMENT_TEAM = 88Y8BFDH8B;
				GENERATE_INFOPLIST_FILE = YES;
				INFOPLIST_FILE = HangOut/Info.plist;
				INFOPLIST_KEY_NSPhotoLibraryUsageDescription = "Need library access to get pictures";
				INFOPLIST_KEY_UIApplicationSupportsIndirectInputEvents = YES;
				INFOPLIST_KEY_UILaunchStoryboardName = LaunchScreen;
				INFOPLIST_KEY_UIMainStoryboardFile = Main;
				INFOPLIST_KEY_UISupportedInterfaceOrientations_iPad = "UIInterfaceOrientationPortrait UIInterfaceOrientationPortraitUpsideDown UIInterfaceOrientationLandscapeLeft UIInterfaceOrientationLandscapeRight";
				INFOPLIST_KEY_UISupportedInterfaceOrientations_iPhone = "UIInterfaceOrientationPortrait UIInterfaceOrientationLandscapeLeft UIInterfaceOrientationLandscapeRight";
				LD_RUNPATH_SEARCH_PATHS = (
					"$(inherited)",
					"@executable_path/Frameworks",
				);
				MARKETING_VERSION = 1.0;
				PRODUCT_BUNDLE_IDENTIFIER = Tippy.HangOut;
				PRODUCT_NAME = "$(TARGET_NAME)";
				SWIFT_EMIT_LOC_STRINGS = YES;
				TARGETED_DEVICE_FAMILY = "1,2";
			};
			name = Debug;
		};
		953F07322874ABD7009BD594 /* Release */ = {
			isa = XCBuildConfiguration;
			baseConfigurationReference = FB25F62C4F8DFE5EDC6E7D3C /* Pods-HangOut.release.xcconfig */;
			buildSettings = {
				ASSETCATALOG_COMPILER_APPICON_NAME = AppIcon;
				ASSETCATALOG_COMPILER_GLOBAL_ACCENT_COLOR_NAME = AccentColor;
				CODE_SIGN_STYLE = Automatic;
				CURRENT_PROJECT_VERSION = 1;
				DEVELOPMENT_TEAM = 88Y8BFDH8B;
				GENERATE_INFOPLIST_FILE = YES;
				INFOPLIST_FILE = HangOut/Info.plist;
				INFOPLIST_KEY_NSPhotoLibraryUsageDescription = "Need library access to get pictures";
				INFOPLIST_KEY_UIApplicationSupportsIndirectInputEvents = YES;
				INFOPLIST_KEY_UILaunchStoryboardName = LaunchScreen;
				INFOPLIST_KEY_UIMainStoryboardFile = Main;
				INFOPLIST_KEY_UISupportedInterfaceOrientations_iPad = "UIInterfaceOrientationPortrait UIInterfaceOrientationPortraitUpsideDown UIInterfaceOrientationLandscapeLeft UIInterfaceOrientationLandscapeRight";
				INFOPLIST_KEY_UISupportedInterfaceOrientations_iPhone = "UIInterfaceOrientationPortrait UIInterfaceOrientationLandscapeLeft UIInterfaceOrientationLandscapeRight";
				LD_RUNPATH_SEARCH_PATHS = (
					"$(inherited)",
					"@executable_path/Frameworks",
				);
				MARKETING_VERSION = 1.0;
				PRODUCT_BUNDLE_IDENTIFIER = Tippy.HangOut;
				PRODUCT_NAME = "$(TARGET_NAME)";
				SWIFT_EMIT_LOC_STRINGS = YES;
				TARGETED_DEVICE_FAMILY = "1,2";
			};
			name = Release;
		};
		953F07342874ABD7009BD594 /* Debug */ = {
			isa = XCBuildConfiguration;
			baseConfigurationReference = 91ABB8770DDA35F4E3C7BDC7 /* Pods-HangOutTests.debug.xcconfig */;
			buildSettings = {
				BUNDLE_LOADER = "$(TEST_HOST)";
				CODE_SIGN_STYLE = Automatic;
				CURRENT_PROJECT_VERSION = 1;
				GENERATE_INFOPLIST_FILE = YES;
				IPHONEOS_DEPLOYMENT_TARGET = 15.4;
				MARKETING_VERSION = 1.0;
				PRODUCT_BUNDLE_IDENTIFIER = Tippy.HangOutTests;
				PRODUCT_NAME = "$(TARGET_NAME)";
				SWIFT_EMIT_LOC_STRINGS = NO;
				TARGETED_DEVICE_FAMILY = "1,2";
				TEST_HOST = "$(BUILT_PRODUCTS_DIR)/HangOut.app/HangOut";
			};
			name = Debug;
		};
		953F07352874ABD7009BD594 /* Release */ = {
			isa = XCBuildConfiguration;
			baseConfigurationReference = 7BC8769BAB806F79FED45840 /* Pods-HangOutTests.release.xcconfig */;
			buildSettings = {
				BUNDLE_LOADER = "$(TEST_HOST)";
				CODE_SIGN_STYLE = Automatic;
				CURRENT_PROJECT_VERSION = 1;
				GENERATE_INFOPLIST_FILE = YES;
				IPHONEOS_DEPLOYMENT_TARGET = 15.4;
				MARKETING_VERSION = 1.0;
				PRODUCT_BUNDLE_IDENTIFIER = Tippy.HangOutTests;
				PRODUCT_NAME = "$(TARGET_NAME)";
				SWIFT_EMIT_LOC_STRINGS = NO;
				TARGETED_DEVICE_FAMILY = "1,2";
				TEST_HOST = "$(BUILT_PRODUCTS_DIR)/HangOut.app/HangOut";
			};
			name = Release;
		};
		953F07372874ABD7009BD594 /* Debug */ = {
			isa = XCBuildConfiguration;
			baseConfigurationReference = F0FAFC4E646808D0230A344F /* Pods-HangOutUITests.debug.xcconfig */;
			buildSettings = {
				CODE_SIGN_STYLE = Automatic;
				CURRENT_PROJECT_VERSION = 1;
				GENERATE_INFOPLIST_FILE = YES;
				MARKETING_VERSION = 1.0;
				PRODUCT_BUNDLE_IDENTIFIER = Tippy.HangOutUITests;
				PRODUCT_NAME = "$(TARGET_NAME)";
				SWIFT_EMIT_LOC_STRINGS = NO;
				TARGETED_DEVICE_FAMILY = "1,2";
				TEST_TARGET_NAME = HangOut;
			};
			name = Debug;
		};
		953F07382874ABD7009BD594 /* Release */ = {
			isa = XCBuildConfiguration;
			baseConfigurationReference = 11CF374C68A29C6CCB8464E9 /* Pods-HangOutUITests.release.xcconfig */;
			buildSettings = {
				CODE_SIGN_STYLE = Automatic;
				CURRENT_PROJECT_VERSION = 1;
				GENERATE_INFOPLIST_FILE = YES;
				MARKETING_VERSION = 1.0;
				PRODUCT_BUNDLE_IDENTIFIER = Tippy.HangOutUITests;
				PRODUCT_NAME = "$(TARGET_NAME)";
				SWIFT_EMIT_LOC_STRINGS = NO;
				TARGETED_DEVICE_FAMILY = "1,2";
				TEST_TARGET_NAME = HangOut;
			};
			name = Release;
		};
/* End XCBuildConfiguration section */

/* Begin XCConfigurationList section */
		953F06F92874ABD6009BD594 /* Build configuration list for PBXProject "HangOut" */ = {
			isa = XCConfigurationList;
			buildConfigurations = (
				953F072E2874ABD7009BD594 /* Debug */,
				953F072F2874ABD7009BD594 /* Release */,
			);
			defaultConfigurationIsVisible = 0;
			defaultConfigurationName = Release;
		};
		953F07302874ABD7009BD594 /* Build configuration list for PBXNativeTarget "HangOut" */ = {
			isa = XCConfigurationList;
			buildConfigurations = (
				953F07312874ABD7009BD594 /* Debug */,
				953F07322874ABD7009BD594 /* Release */,
			);
			defaultConfigurationIsVisible = 0;
			defaultConfigurationName = Release;
		};
		953F07332874ABD7009BD594 /* Build configuration list for PBXNativeTarget "HangOutTests" */ = {
			isa = XCConfigurationList;
			buildConfigurations = (
				953F07342874ABD7009BD594 /* Debug */,
				953F07352874ABD7009BD594 /* Release */,
			);
			defaultConfigurationIsVisible = 0;
			defaultConfigurationName = Release;
		};
		953F07362874ABD7009BD594 /* Build configuration list for PBXNativeTarget "HangOutUITests" */ = {
			isa = XCConfigurationList;
			buildConfigurations = (
				953F07372874ABD7009BD594 /* Debug */,
				953F07382874ABD7009BD594 /* Release */,
			);
			defaultConfigurationIsVisible = 0;
			defaultConfigurationName = Release;
		};
/* End XCConfigurationList section */

/* Begin XCVersionGroup section */
		953F070D2874ABD6009BD594 /* HangOut.xcdatamodeld */ = {
			isa = XCVersionGroup;
			children = (
				953F070E2874ABD6009BD594 /* HangOut.xcdatamodel */,
			);
			currentVersion = 953F070E2874ABD6009BD594 /* HangOut.xcdatamodel */;
			path = HangOut.xcdatamodeld;
			sourceTree = "<group>";
			versionGroupType = wrapper.xcdatamodel;
		};
/* End XCVersionGroup section */
	};
	rootObject = 953F06F62874ABD6009BD594 /* Project object */;
}
